
Microsoft Visual Studio Solution File, Format Version 12.00
# Visual Studio Version 16
VisualStudioVersion = 16.0.31911.196
MinimumVisualStudioVersion = 10.0.40219.1
Project("{FAE04EC0-301F-11D3-BF4B-00C04F79EFBC}") = "İnterface", "İnterface\İnterface.csproj", "{D39FA3C6-CDEB-49B2-AAE3-F7FE002102BF}"
EndProject
Global
	GlobalSection(SolutionConfigurationPlatforms) = preSolution
		Debug|Any CPU = Debug|Any CPU
		Release|Any CPU = Release|Any CPU
	EndGlobalSection
	GlobalSection(ProjectConfigurationPlatforms) = postSolution
		{D39FA3C6-CDEB-49B2-AAE3-F7FE002102BF}.Debug|Any CPU.ActiveCfg = Debug|Any CPU
		{D39FA3C6-CDEB-49B2-AAE3-F7FE002102BF}.Debug|Any CPU.Build.0 = Debug|Any CPU
		{D39FA3C6-CDEB-49B2-AAE3-F7FE002102BF}.Release|Any CPU.ActiveCfg = Release|Any CPU
		{D39FA3C6-CDEB-49B2-AAE3-F7FE002102BF}.Release|Any CPU.Build.0 = Release|Any CPU
	EndGlobalSection
	GlobalSection(SolutionProperties) = preSolution
		HideSolutionNode = FALSE
	EndGlobalSection
	GlobalSection(ExtensibilityGlobals) = postSolution
		SolutionGuid = {67B0226A-90C2-471B-B23E-6859B89414A8}
	EndGlobalSection
EndGlobal
